
Microsoft Visual Studio Solution File, Format Version 12.00
# Visual Studio Version 17
VisualStudioVersion = 17.2.32516.85
MinimumVisualStudioVersion = 10.0.40219.1
Project("{9A19103F-16F7-4668-BE54-9A1E7A4F7556}") = "Producer.Worker", "src\Producer.Worker\Producer.Worker.csproj", "{F94B1867-D584-4664-B6E0-448D823E1559}"
EndProject
Project("{9A19103F-16F7-4668-BE54-9A1E7A4F7556}") = "Consumer.Worker", "src\Consumer.Worker\Consumer.Worker.csproj", "{363AE453-C348-49F6-8336-6BB6757D5883}"
EndProject
Project("{2150E333-8FDC-42A3-9474-1A3956D46DE8}") = "01 - Support", "01 - Support", "{CA438803-5CBD-4DA1-A092-3673BC69296B}"
EndProject
Project("{9A19103F-16F7-4668-BE54-9A1E7A4F7556}") = "Adapters", "src\Adapters\Adapters.csproj", "{98F959BE-66CA-48EC-8CFC-460E91CF65AD}"
EndProject
Project("{2150E333-8FDC-42A3-9474-1A3956D46DE8}") = "02 - Business", "02 - Business", "{8C823A04-B1C5-451B-84E7-CC134EC24A44}"
EndProject
Project("{9A19103F-16F7-4668-BE54-9A1E7A4F7556}") = "Business", "src\Business\Business.csproj", "{AA709814-A637-4500-A7BB-BB8AD632ADB9}"
EndProject
Project("{2150E333-8FDC-42A3-9474-1A3956D46DE8}") = "03 - Applications", "03 - Applications", "{2F3CB05C-BA8F-409B-8450-5A16B8714565}"
EndProject
Project("{2150E333-8FDC-42A3-9474-1A3956D46DE8}") = "00 - Core", "00 - Core", "{63E0A888-0698-4499-90B0-748F0B463C07}"
EndProject
Project("{9A19103F-16F7-4668-BE54-9A1E7A4F7556}") = "Core", "src\Core\Core.csproj", "{42A40B3D-5430-499D-BDB0-2F08873D6883}"
EndProject
Project("{FAE04EC0-301F-11D3-BF4B-00C04F79EFBC}") = "Producer.AppConsole", "src\Producer.AppConsole\Producer.AppConsole.csproj", "{3647C0F6-A137-44AB-8649-219A3FA0C153}"
EndProject
Global
	GlobalSection(SolutionConfigurationPlatforms) = preSolution
		Debug|Any CPU = Debug|Any CPU
		Release|Any CPU = Release|Any CPU
	EndGlobalSection
	GlobalSection(ProjectConfigurationPlatforms) = postSolution
		{F94B1867-D584-4664-B6E0-448D823E1559}.Debug|Any CPU.ActiveCfg = Debug|Any CPU
		{F94B1867-D584-4664-B6E0-448D823E1559}.Debug|Any CPU.Build.0 = Debug|Any CPU
		{F94B1867-D584-4664-B6E0-448D823E1559}.Release|Any CPU.ActiveCfg = Release|Any CPU
		{F94B1867-D584-4664-B6E0-448D823E1559}.Release|Any CPU.Build.0 = Release|Any CPU
		{363AE453-C348-49F6-8336-6BB6757D5883}.Debug|Any CPU.ActiveCfg = Debug|Any CPU
		{363AE453-C348-49F6-8336-6BB6757D5883}.Debug|Any CPU.Build.0 = Debug|Any CPU
		{363AE453-C348-49F6-8336-6BB6757D5883}.Release|Any CPU.ActiveCfg = Release|Any CPU
		{363AE453-C348-49F6-8336-6BB6757D5883}.Release|Any CPU.Build.0 = Release|Any CPU
		{98F959BE-66CA-48EC-8CFC-460E91CF65AD}.Debug|Any CPU.ActiveCfg = Debug|Any CPU
		{98F959BE-66CA-48EC-8CFC-460E91CF65AD}.Debug|Any CPU.Build.0 = Debug|Any CPU
		{98F959BE-66CA-48EC-8CFC-460E91CF65AD}.Release|Any CPU.ActiveCfg = Release|Any CPU
		{98F959BE-66CA-48EC-8CFC-460E91CF65AD}.Release|Any CPU.Build.0 = Release|Any CPU
		{AA709814-A637-4500-A7BB-BB8AD632ADB9}.Debug|Any CPU.ActiveCfg = Debug|Any CPU
		{AA709814-A637-4500-A7BB-BB8AD632ADB9}.Debug|Any CPU.Build.0 = Debug|Any CPU
		{AA709814-A637-4500-A7BB-BB8AD632ADB9}.Release|Any CPU.ActiveCfg = Release|Any CPU
		{AA709814-A637-4500-A7BB-BB8AD632ADB9}.Release|Any CPU.Build.0 = Release|Any CPU
		{42A40B3D-5430-499D-BDB0-2F08873D6883}.Debug|Any CPU.ActiveCfg = Debug|Any CPU
		{42A40B3D-5430-499D-BDB0-2F08873D6883}.Debug|Any CPU.Build.0 = Debug|Any CPU
		{42A40B3D-5430-499D-BDB0-2F08873D6883}.Release|Any CPU.ActiveCfg = Release|Any CPU
		{42A40B3D-5430-499D-BDB0-2F08873D6883}.Release|Any CPU.Build.0 = Release|Any CPU
		{3647C0F6-A137-44AB-8649-219A3FA0C153}.Debug|Any CPU.ActiveCfg = Debug|Any CPU
		{3647C0F6-A137-44AB-8649-219A3FA0C153}.Debug|Any CPU.Build.0 = Debug|Any CPU
		{3647C0F6-A137-44AB-8649-219A3FA0C153}.Release|Any CPU.ActiveCfg = Release|Any CPU
		{3647C0F6-A137-44AB-8649-219A3FA0C153}.Release|Any CPU.Build.0 = Release|Any CPU
	EndGlobalSection
	GlobalSection(SolutionProperties) = preSolution
		HideSolutionNode = FALSE
	EndGlobalSection
	GlobalSection(NestedProjects) = preSolution
		{F94B1867-D584-4664-B6E0-448D823E1559} = {2F3CB05C-BA8F-409B-8450-5A16B8714565}
		{363AE453-C348-49F6-8336-6BB6757D5883} = {2F3CB05C-BA8F-409B-8450-5A16B8714565}
		{98F959BE-66CA-48EC-8CFC-460E91CF65AD} = {CA438803-5CBD-4DA1-A092-3673BC69296B}
		{AA709814-A637-4500-A7BB-BB8AD632ADB9} = {8C823A04-B1C5-451B-84E7-CC134EC24A44}
		{42A40B3D-5430-499D-BDB0-2F08873D6883} = {63E0A888-0698-4499-90B0-748F0B463C07}
		{3647C0F6-A137-44AB-8649-219A3FA0C153} = {2F3CB05C-BA8F-409B-8450-5A16B8714565}
	EndGlobalSection
	GlobalSection(ExtensibilityGlobals) = postSolution
		SolutionGuid = {C5ED5422-5403-454B-8C09-3240C54DA80A}
	EndGlobalSection
EndGlobal
